
Microsoft Visual Studio Solution File, Format Version 12.00
# Visual Studio Version 17
VisualStudioVersion = 17.0.32014.148
MinimumVisualStudioVersion = 10.0.40219.1
Project("{FAE04EC0-301F-11D3-BF4B-00C04F79EFBC}") = "SAPN_Calculator", "SAPN_Calculator\SAPN_Calculator.csproj", "{C6A90A8D-BFEB-4574-85BD-02F5838E876A}"
EndProject
Global
	GlobalSection(SolutionConfigurationPlatforms) = preSolution
		Debug|Any CPU = Debug|Any CPU
		Release|Any CPU = Release|Any CPU
	EndGlobalSection
	GlobalSection(ProjectConfigurationPlatforms) = postSolution
		{C6A90A8D-BFEB-4574-85BD-02F5838E876A}.Debug|Any CPU.ActiveCfg = Debug|Any CPU
		{C6A90A8D-BFEB-4574-85BD-02F5838E876A}.Debug|Any CPU.Build.0 = Debug|Any CPU
		{C6A90A8D-BFEB-4574-85BD-02F5838E876A}.Release|Any CPU.ActiveCfg = Release|Any CPU
		{C6A90A8D-BFEB-4574-85BD-02F5838E876A}.Release|Any CPU.Build.0 = Release|Any CPU
	EndGlobalSection
	GlobalSection(SolutionProperties) = preSolution
		HideSolutionNode = FALSE
	EndGlobalSection
	GlobalSection(ExtensibilityGlobals) = postSolution
		SolutionGuid = {8242F66C-0D44-4E9A-950E-54BC5B664087}
	EndGlobalSection
EndGlobal
